
Microsoft Visual Studio Solution File, Format Version 12.00
# Visual Studio 2012
Project("{FAE04EC0-301F-11D3-BF4B-00C04F79EFBC}") = "Glide", "Glide\Glide.csproj", "{099F9093-E902-4130-92A9-E5711A848DD3}"
EndProject
Project("{FAE04EC0-301F-11D3-BF4B-00C04F79EFBC}") = "Naxam.GlideGifDecoder.Droid", "Naxam.GlideGifDecoder.Droid\Naxam.GlideGifDecoder.Droid.csproj", "{38CCEAE8-6EDE-4F85-A122-443F14B821F3}"
EndProject
Project("{FAE04EC0-301F-11D3-BF4B-00C04F79EFBC}") = "Naxam.GlideDiskLruCache.Droid", "Naxam.GlideDiskLruCache.Droid\Naxam.GlideDiskLruCache.Droid.csproj", "{9095A5C5-22AD-4854-BF06-83E11186216F}"
EndProject
Project("{FAE04EC0-301F-11D3-BF4B-00C04F79EFBC}") = "Naxam.GlideAnnotations.Droid", "Naxam.GlideAnnotations.Droid\Naxam.GlideAnnotations.Droid.csproj", "{9620E7CA-292B-4040-AAF5-E5028A6C6626}"
EndProject
Global
	GlobalSection(SolutionConfigurationPlatforms) = preSolution
		Debug|Any CPU = Debug|Any CPU
		Release|Any CPU = Release|Any CPU
	EndGlobalSection
	GlobalSection(ProjectConfigurationPlatforms) = postSolution
		{099F9093-E902-4130-92A9-E5711A848DD3}.Debug|Any CPU.ActiveCfg = Debug|Any CPU
		{099F9093-E902-4130-92A9-E5711A848DD3}.Debug|Any CPU.Build.0 = Debug|Any CPU
		{099F9093-E902-4130-92A9-E5711A848DD3}.Release|Any CPU.ActiveCfg = Release|Any CPU
		{099F9093-E902-4130-92A9-E5711A848DD3}.Release|Any CPU.Build.0 = Release|Any CPU
		{38CCEAE8-6EDE-4F85-A122-443F14B821F3}.Debug|Any CPU.ActiveCfg = Debug|Any CPU
		{38CCEAE8-6EDE-4F85-A122-443F14B821F3}.Debug|Any CPU.Build.0 = Debug|Any CPU
		{38CCEAE8-6EDE-4F85-A122-443F14B821F3}.Release|Any CPU.ActiveCfg = Release|Any CPU
		{38CCEAE8-6EDE-4F85-A122-443F14B821F3}.Release|Any CPU.Build.0 = Release|Any CPU
		{9095A5C5-22AD-4854-BF06-83E11186216F}.Debug|Any CPU.ActiveCfg = Debug|Any CPU
		{9095A5C5-22AD-4854-BF06-83E11186216F}.Debug|Any CPU.Build.0 = Debug|Any CPU
		{9095A5C5-22AD-4854-BF06-83E11186216F}.Release|Any CPU.ActiveCfg = Release|Any CPU
		{9095A5C5-22AD-4854-BF06-83E11186216F}.Release|Any CPU.Build.0 = Release|Any CPU
		{9620E7CA-292B-4040-AAF5-E5028A6C6626}.Debug|Any CPU.ActiveCfg = Debug|Any CPU
		{9620E7CA-292B-4040-AAF5-E5028A6C6626}.Debug|Any CPU.Build.0 = Debug|Any CPU
		{9620E7CA-292B-4040-AAF5-E5028A6C6626}.Release|Any CPU.ActiveCfg = Release|Any CPU
		{9620E7CA-292B-4040-AAF5-E5028A6C6626}.Release|Any CPU.Build.0 = Release|Any CPU
	EndGlobalSection
EndGlobal
